
Microsoft Visual Studio Solution File, Format Version 12.00
# Visual Studio 15
VisualStudioVersion = 15.0.26730.12
MinimumVisualStudioVersion = 10.0.40219.1
Project("{8BC9CEB8-8B4A-11D0-8D11-00A0C91BC942}") = "CISS242W4A1", "CISS242W4A1\CISS242W4A1.vcxproj", "{FC49E75E-4CF3-4ADC-B311-C6550E54B556}"
EndProject
Global
	GlobalSection(SolutionConfigurationPlatforms) = preSolution
		Debug|x64 = Debug|x64
		Debug|x86 = Debug|x86
		Release|x64 = Release|x64
		Release|x86 = Release|x86
	EndGlobalSection
	GlobalSection(ProjectConfigurationPlatforms) = postSolution
		{FC49E75E-4CF3-4ADC-B311-C6550E54B556}.Debug|x64.ActiveCfg = Debug|x64
		{FC49E75E-4CF3-4ADC-B311-C6550E54B556}.Debug|x64.Build.0 = Debug|x64
		{FC49E75E-4CF3-4ADC-B311-C6550E54B556}.Debug|x86.ActiveCfg = Debug|Win32
		{FC49E75E-4CF3-4ADC-B311-C6550E54B556}.Debug|x86.Build.0 = Debug|Win32
		{FC49E75E-4CF3-4ADC-B311-C6550E54B556}.Release|x64.ActiveCfg = Release|x64
		{FC49E75E-4CF3-4ADC-B311-C6550E54B556}.Release|x64.Build.0 = Release|x64
		{FC49E75E-4CF3-4ADC-B311-C6550E54B556}.Release|x86.ActiveCfg = Release|Win32
		{FC49E75E-4CF3-4ADC-B311-C6550E54B556}.Release|x86.Build.0 = Release|Win32
	EndGlobalSection
	GlobalSection(SolutionProperties) = preSolution
		HideSolutionNode = FALSE
	EndGlobalSection
	GlobalSection(ExtensibilityGlobals) = postSolution
		SolutionGuid = {4CBF85A8-5BFE-43BD-8C19-13854E22AB53}
	EndGlobalSection
EndGlobal
